
Microsoft Visual Studio Solution File, Format Version 12.00
# Visual Studio 15
VisualStudioVersion = 15.0.27703.2042
MinimumVisualStudioVersion = 10.0.40219.1
Project("{FAE04EC0-301F-11D3-BF4B-00C04F79EFBC}") = "Calculator", "Calculator\Calculator.csproj", "{C3441F22-EAC9-48F5-822C-01F746C196AA}"
EndProject
Project("{FAE04EC0-301F-11D3-BF4B-00C04F79EFBC}") = "CalculatorTest", "CalculatorTest\CalculatorTest.csproj", "{631548C5-743C-4B4D-B5F9-AA9C8573E43F}"
EndProject
Global
	GlobalSection(SolutionConfigurationPlatforms) = preSolution
		Debug|Any CPU = Debug|Any CPU
		Release|Any CPU = Release|Any CPU
	EndGlobalSection
	GlobalSection(ProjectConfigurationPlatforms) = postSolution
		{C3441F22-EAC9-48F5-822C-01F746C196AA}.Debug|Any CPU.ActiveCfg = Debug|Any CPU
		{C3441F22-EAC9-48F5-822C-01F746C196AA}.Debug|Any CPU.Build.0 = Debug|Any CPU
		{C3441F22-EAC9-48F5-822C-01F746C196AA}.Release|Any CPU.ActiveCfg = Release|Any CPU
		{C3441F22-EAC9-48F5-822C-01F746C196AA}.Release|Any CPU.Build.0 = Release|Any CPU
		{631548C5-743C-4B4D-B5F9-AA9C8573E43F}.Debug|Any CPU.ActiveCfg = Debug|Any CPU
		{631548C5-743C-4B4D-B5F9-AA9C8573E43F}.Debug|Any CPU.Build.0 = Debug|Any CPU
		{631548C5-743C-4B4D-B5F9-AA9C8573E43F}.Release|Any CPU.ActiveCfg = Release|Any CPU
		{631548C5-743C-4B4D-B5F9-AA9C8573E43F}.Release|Any CPU.Build.0 = Release|Any CPU
	EndGlobalSection
	GlobalSection(SolutionProperties) = preSolution
		HideSolutionNode = FALSE
	EndGlobalSection
	GlobalSection(ExtensibilityGlobals) = postSolution
		SolutionGuid = {137AF6B9-CB8B-45FD-8C1D-7004B7C2ECEA}
	EndGlobalSection
EndGlobal
